
Microsoft Visual Studio Solution File, Format Version 12.00
# Visual Studio 15
VisualStudioVersion = 15.0.26228.4
MinimumVisualStudioVersion = 10.0.40219.1
Project("{FAE04EC0-301F-11D3-BF4B-00C04F79EFBC}") = "AssemblySoft.Serialization", "AssemblySoft.Serialization\AssemblySoft.Serialization.csproj", "{2009D255-B4A0-47F9-AC15-475E794F854F}"
EndProject
Project("{FAE04EC0-301F-11D3-BF4B-00C04F79EFBC}") = "AssemblySoft.Serialization.Tests", "AssemblySoft.Serialization.Tests\AssemblySoft.Serialization.Tests.csproj", "{71DDA32A-D028-4CF8-87EE-746881149842}"
EndProject
Global
	GlobalSection(SolutionConfigurationPlatforms) = preSolution
		Debug|Any CPU = Debug|Any CPU
		Release|Any CPU = Release|Any CPU
	EndGlobalSection
	GlobalSection(ProjectConfigurationPlatforms) = postSolution
		{2009D255-B4A0-47F9-AC15-475E794F854F}.Debug|Any CPU.ActiveCfg = Debug|Any CPU
		{2009D255-B4A0-47F9-AC15-475E794F854F}.Debug|Any CPU.Build.0 = Debug|Any CPU
		{2009D255-B4A0-47F9-AC15-475E794F854F}.Release|Any CPU.ActiveCfg = Release|Any CPU
		{2009D255-B4A0-47F9-AC15-475E794F854F}.Release|Any CPU.Build.0 = Release|Any CPU
		{71DDA32A-D028-4CF8-87EE-746881149842}.Debug|Any CPU.ActiveCfg = Debug|Any CPU
		{71DDA32A-D028-4CF8-87EE-746881149842}.Debug|Any CPU.Build.0 = Debug|Any CPU
		{71DDA32A-D028-4CF8-87EE-746881149842}.Release|Any CPU.ActiveCfg = Release|Any CPU
		{71DDA32A-D028-4CF8-87EE-746881149842}.Release|Any CPU.Build.0 = Release|Any CPU
	EndGlobalSection
	GlobalSection(SolutionProperties) = preSolution
		HideSolutionNode = FALSE
	EndGlobalSection
EndGlobal
